
Microsoft Visual Studio Solution File, Format Version 12.00
# Visual Studio 15
VisualStudioVersion = 15.0.26430.6
MinimumVisualStudioVersion = 10.0.40219.1
Project("{FAE04EC0-301F-11D3-BF4B-00C04F79EFBC}") = "ArthurFrederico.SIGA.Model", "ArthurFrederico.SIGA.Model\ArthurFrederico.SIGA.Model.csproj", "{3B73636C-74F9-4905-AF81-5B304C3E5887}"
EndProject
Project("{FAE04EC0-301F-11D3-BF4B-00C04F79EFBC}") = "ArthurFrederico.SIGA.Test", "ArthurFrederico.SIGA.Test\ArthurFrederico.SIGA.Test.csproj", "{94789886-6B1A-466A-9F3B-0AC55E4E7DE1}"
EndProject
Project("{FAE04EC0-301F-11D3-BF4B-00C04F79EFBC}") = "ArthurFrederico.SIGA.Web", "ArthurFrederico.SIGA.Web\ArthurFrederico.SIGA.Web.csproj", "{C65C949A-2292-440E-95B2-91FA1C92F985}"
EndProject
Global
	GlobalSection(SolutionConfigurationPlatforms) = preSolution
		Debug|Any CPU = Debug|Any CPU
		Release|Any CPU = Release|Any CPU
	EndGlobalSection
	GlobalSection(ProjectConfigurationPlatforms) = postSolution
		{3B73636C-74F9-4905-AF81-5B304C3E5887}.Debug|Any CPU.ActiveCfg = Debug|Any CPU
		{3B73636C-74F9-4905-AF81-5B304C3E5887}.Debug|Any CPU.Build.0 = Debug|Any CPU
		{3B73636C-74F9-4905-AF81-5B304C3E5887}.Release|Any CPU.ActiveCfg = Release|Any CPU
		{3B73636C-74F9-4905-AF81-5B304C3E5887}.Release|Any CPU.Build.0 = Release|Any CPU
		{94789886-6B1A-466A-9F3B-0AC55E4E7DE1}.Debug|Any CPU.ActiveCfg = Debug|Any CPU
		{94789886-6B1A-466A-9F3B-0AC55E4E7DE1}.Debug|Any CPU.Build.0 = Debug|Any CPU
		{94789886-6B1A-466A-9F3B-0AC55E4E7DE1}.Release|Any CPU.ActiveCfg = Release|Any CPU
		{94789886-6B1A-466A-9F3B-0AC55E4E7DE1}.Release|Any CPU.Build.0 = Release|Any CPU
		{C65C949A-2292-440E-95B2-91FA1C92F985}.Debug|Any CPU.ActiveCfg = Debug|Any CPU
		{C65C949A-2292-440E-95B2-91FA1C92F985}.Debug|Any CPU.Build.0 = Debug|Any CPU
		{C65C949A-2292-440E-95B2-91FA1C92F985}.Release|Any CPU.ActiveCfg = Release|Any CPU
		{C65C949A-2292-440E-95B2-91FA1C92F985}.Release|Any CPU.Build.0 = Release|Any CPU
	EndGlobalSection
	GlobalSection(SolutionProperties) = preSolution
		HideSolutionNode = FALSE
	EndGlobalSection
EndGlobal
